
Microsoft Visual Studio Solution File, Format Version 12.00
# Visual Studio 15
VisualStudioVersion = 15.0.28307.902
MinimumVisualStudioVersion = 10.0.40219.1
Project("{FAE04EC0-301F-11D3-BF4B-00C04F79EFBC}") = "LR1-Project", "LR1\LR1-Project.csproj", "{6BDB6DA6-6987-4488-956C-4258C6FE6E15}"
EndProject
Global
	GlobalSection(SolutionConfigurationPlatforms) = preSolution
		Debug|x86 = Debug|x86
		Release|x86 = Release|x86
	EndGlobalSection
	GlobalSection(ProjectConfigurationPlatforms) = postSolution
		{6BDB6DA6-6987-4488-956C-4258C6FE6E15}.Debug|x86.ActiveCfg = Debug|x86
		{6BDB6DA6-6987-4488-956C-4258C6FE6E15}.Debug|x86.Build.0 = Debug|x86
		{6BDB6DA6-6987-4488-956C-4258C6FE6E15}.Release|x86.ActiveCfg = Release|x86
		{6BDB6DA6-6987-4488-956C-4258C6FE6E15}.Release|x86.Build.0 = Release|x86
	EndGlobalSection
	GlobalSection(SolutionProperties) = preSolution
		HideSolutionNode = FALSE
	EndGlobalSection
	GlobalSection(ExtensibilityGlobals) = postSolution
		SolutionGuid = {4BD23F3E-C725-46D8-B814-40A8E7124B70}
	EndGlobalSection
EndGlobal
